
Microsoft Visual Studio Solution File, Format Version 12.00
Project("{2150E333-8FDC-42A3-9474-1A3956D46DE8}") = "N1 Fundamentals", "N1 Fundamentals", "{50E7C728-EC85-4EFE-B4F8-E34112B5369A}"
EndProject
Project("{FAE04EC0-301F-11D3-BF4B-00C04F79EFBC}") = "N1.Fundamentals.FirstPrompt", "N1.Fundamentals.FirstPrompt\N1.Fundamentals.FirstPrompt.csproj", "{F4463634-732C-47EE-999B-5CAB524EFD68}"
EndProject
Global
	GlobalSection(SolutionConfigurationPlatforms) = preSolution
		Debug|Any CPU = Debug|Any CPU
		Release|Any CPU = Release|Any CPU
	EndGlobalSection
	GlobalSection(NestedProjects) = preSolution
		{F4463634-732C-47EE-999B-5CAB524EFD68} = {50E7C728-EC85-4EFE-B4F8-E34112B5369A}
	EndGlobalSection
	GlobalSection(ProjectConfigurationPlatforms) = postSolution
		{F4463634-732C-47EE-999B-5CAB524EFD68}.Debug|Any CPU.ActiveCfg = Debug|Any CPU
		{F4463634-732C-47EE-999B-5CAB524EFD68}.Debug|Any CPU.Build.0 = Debug|Any CPU
		{F4463634-732C-47EE-999B-5CAB524EFD68}.Release|Any CPU.ActiveCfg = Release|Any CPU
		{F4463634-732C-47EE-999B-5CAB524EFD68}.Release|Any CPU.Build.0 = Release|Any CPU
	EndGlobalSection
EndGlobal
