
Microsoft Visual Studio Solution File, Format Version 12.00
Project("{2150E333-8FDC-42A3-9474-1A3956D46DE8}") = "N1 Fundamentals", "N1 Fundamentals", "{50E7C728-EC85-4EFE-B4F8-E34112B5369A}"
EndProject
Project("{2150E333-8FDC-42A3-9474-1A3956D46DE8}") = "Tutorials", "Tutorials", "{7DCEA4B6-2FB7-4BA3-AD2F-7F04C0CA40DF}"
EndProject
Project("{2150E333-8FDC-42A3-9474-1A3956D46DE8}") = "Docs", "Docs", "{582E83CC-0B56-4F32-8C2A-B1080D58B420}"
EndProject
Project("{2150E333-8FDC-42A3-9474-1A3956D46DE8}") = "Recipes", "Recipes", "{F9640276-11BE-4EF1-AFC1-EEBC7816FB97}"
EndProject
Project("{FAE04EC0-301F-11D3-BF4B-00C04F79EFBC}") = "Recipes.N1", "Recipes.N1\Recipes.N1.csproj", "{10E6F4C3-6DDF-4506-BF80-1D36FF73875F}"
EndProject
Project("{FAE04EC0-301F-11D3-BF4B-00C04F79EFBC}") = "Recipes.N2", "Recipes.N2\Recipes.N2.csproj", "{212FE8E1-B698-4D93-9699-7E53AF71D848}"
EndProject
Project("{FAE04EC0-301F-11D3-BF4B-00C04F79EFBC}") = "N2.FirstApp", "N2.FirstApp\N2.FirstApp.csproj", "{011D440F-A125-484E-9EDB-DE605A8A29EC}"
EndProject
Project("{FAE04EC0-301F-11D3-BF4B-00C04F79EFBC}") = "N3.Skills", "N3.Skills\N3.Skills.csproj", "{E9125545-5AFD-4FC7-9916-6DDCC79DF2F5}"
EndProject
Project("{FAE04EC0-301F-11D3-BF4B-00C04F79EFBC}") = "N4.Memory", "N4.Memory\N4.Memory.csproj", "{80741D06-AC27-43FF-A6B5-58ED002ABA26}"
EndProject
Project("{2150E333-8FDC-42A3-9474-1A3956D46DE8}") = "GettingStarted", "GettingStarted", "{86EDEEE4-D1D0-4172-AF01-4975AC4B4A0F}"
EndProject
Project("{FAE04EC0-301F-11D3-BF4B-00C04F79EFBC}") = "N1.Plugins", "N1.Plugins\N1.Plugins.csproj", "{C40D36BA-A2F5-4C3F-8609-66A4B447279F}"
EndProject
Project("{2150E333-8FDC-42A3-9474-1A3956D46DE8}") = "N1.GettingStarted", "N1.GettingStarted", "{D2FC31FD-F373-4022-8B39-3C8BEF60805C}"
EndProject
Project("{FAE04EC0-301F-11D3-BF4B-00C04F79EFBC}") = "GettingStarted.N1.PluginTest", "GettingStarted.N1.PluginTest\GettingStarted.N1.PluginTest.csproj", "{AFED18E4-5A02-4312-9625-6886C8DE722D}"
EndProject
Project("{FAE04EC0-301F-11D3-BF4B-00C04F79EFBC}") = "SkRecipes.N1.InlineFunction", "SkRecipes.N1.InlineFunction\SkRecipes.N1.InlineFunction.csproj", "{90C8B39C-ED20-4E9D-9575-361F8F19087A}"
EndProject
Project("{FAE04EC0-301F-11D3-BF4B-00C04F79EFBC}") = "SkRecipes.N2.SemanticFunction", "SkRecipes.N2.SemanticFunction\SkRecipes.N2.SemanticFunction.csproj", "{312D3F24-67FA-4246-B76D-45BD8054E145}"
EndProject
Project("{2150E333-8FDC-42A3-9474-1A3956D46DE8}") = "SkRecipes", "SkRecipes", "{A78F4595-2029-4021-A0BE-4FBE1BF97906}"
EndProject
Project("{2150E333-8FDC-42A3-9474-1A3956D46DE8}") = "N2.PromptEngineering", "N2.PromptEngineering", "{05A688BA-70D5-4EE9-87B6-0F957A3B996B}"
EndProject
Project("{FAE04EC0-301F-11D3-BF4B-00C04F79EFBC}") = "PromptEngineering.N1.Prompts", "PromptEngineering.N1.Prompts\PromptEngineering.N1.Prompts.csproj", "{4D63027D-9A30-4FBE-A305-4B4570A32F25}"
EndProject
Project("{FAE04EC0-301F-11D3-BF4B-00C04F79EFBC}") = "PromptEngineering.N2.SpecificPrompt", "PromptEngineering.N2.SpecificPrompt\PromptEngineering.N2.SpecificPrompt.csproj", "{049215FD-13C3-4C0C-9B81-8EB0A9B83F3D}"
EndProject
Project("{FAE04EC0-301F-11D3-BF4B-00C04F79EFBC}") = "PromptEngineering.N3.FormattedOutput", "PromptEngineering.N3.FormattedOutput\PromptEngineering.N3.FormattedOutput.csproj", "{71DD9F12-6848-426F-BA62-76480C537620}"
EndProject
Project("{FAE04EC0-301F-11D3-BF4B-00C04F79EFBC}") = "PromptEngineering.N4.FewShotPrompting", "PromptEngineering.N4.FewShotPrompting\PromptEngineering.N4.FewShotPrompting.csproj", "{41E0C929-889F-420F-A888-737A12F997C6}"
EndProject
Project("{FAE04EC0-301F-11D3-BF4B-00C04F79EFBC}") = "PromptEngineering.N5.FallbackOption", "PromptEngineering.N5.FallbackOption\PromptEngineering.N5.FallbackOption.csproj", "{750D8FF5-3729-4923-BB39-44F89E1D9F85}"
EndProject
Project("{FAE04EC0-301F-11D3-BF4B-00C04F79EFBC}") = "PromptEngineering.N6.PromptContext", "PromptEngineering.N6.PromptContext\PromptEngineering.N6.PromptContext.csproj", "{724AF51B-89AA-44FC-B54D-2237BB3A4792}"
EndProject
Project("{FAE04EC0-301F-11D3-BF4B-00C04F79EFBC}") = "PromptEngineering.N7.MessageRole", "PromptEngineering.N7.MessageRole\PromptEngineering.N7.MessageRole.csproj", "{42AAFF65-4213-4167-BF5C-74091CFCEA5D}"
EndProject
Project("{FAE04EC0-301F-11D3-BF4B-00C04F79EFBC}") = "PromptEngineering.N8.Encouragement", "PromptEngineering.N8.Encouragement\PromptEngineering.N8.Encouragement.csproj", "{CF65798F-9699-4078-8B7E-66BDFDCDD8BE}"
EndProject
Project("{FAE04EC0-301F-11D3-BF4B-00C04F79EFBC}") = "PromptEngineering.N9.Templatizing", "PromptEngineering.N9.Templatizing\PromptEngineering.N9.Templatizing.csproj", "{A0DBF066-D3F1-4350-B59C-6315C12992CA}"
Global
	GlobalSection(SolutionConfigurationPlatforms) = preSolution
		Debug|Any CPU = Debug|Any CPU
		Release|Any CPU = Release|Any CPU
	EndGlobalSection
	GlobalSection(NestedProjects) = preSolution
		{F9640276-11BE-4EF1-AFC1-EEBC7816FB97} = {7DCEA4B6-2FB7-4BA3-AD2F-7F04C0CA40DF}
		{10E6F4C3-6DDF-4506-BF80-1D36FF73875F} = {F9640276-11BE-4EF1-AFC1-EEBC7816FB97}
		{212FE8E1-B698-4D93-9699-7E53AF71D848} = {F9640276-11BE-4EF1-AFC1-EEBC7816FB97}
		{011D440F-A125-484E-9EDB-DE605A8A29EC} = {F9640276-11BE-4EF1-AFC1-EEBC7816FB97}
		{E9125545-5AFD-4FC7-9916-6DDCC79DF2F5} = {F9640276-11BE-4EF1-AFC1-EEBC7816FB97}
		{80741D06-AC27-43FF-A6B5-58ED002ABA26} = {F9640276-11BE-4EF1-AFC1-EEBC7816FB97}
		{86EDEEE4-D1D0-4172-AF01-4975AC4B4A0F} = {582E83CC-0B56-4F32-8C2A-B1080D58B420}
		{C40D36BA-A2F5-4C3F-8609-66A4B447279F} = {86EDEEE4-D1D0-4172-AF01-4975AC4B4A0F}
		{D2FC31FD-F373-4022-8B39-3C8BEF60805C} = {582E83CC-0B56-4F32-8C2A-B1080D58B420}
		{AFED18E4-5A02-4312-9625-6886C8DE722D} = {D2FC31FD-F373-4022-8B39-3C8BEF60805C}
		{90C8B39C-ED20-4E9D-9575-361F8F19087A} = {A78F4595-2029-4021-A0BE-4FBE1BF97906}
		{312D3F24-67FA-4246-B76D-45BD8054E145} = {A78F4595-2029-4021-A0BE-4FBE1BF97906}
		{05A688BA-70D5-4EE9-87B6-0F957A3B996B} = {582E83CC-0B56-4F32-8C2A-B1080D58B420}
		{4D63027D-9A30-4FBE-A305-4B4570A32F25} = {05A688BA-70D5-4EE9-87B6-0F957A3B996B}
		{049215FD-13C3-4C0C-9B81-8EB0A9B83F3D} = {05A688BA-70D5-4EE9-87B6-0F957A3B996B}
		{71DD9F12-6848-426F-BA62-76480C537620} = {05A688BA-70D5-4EE9-87B6-0F957A3B996B}
		{41E0C929-889F-420F-A888-737A12F997C6} = {05A688BA-70D5-4EE9-87B6-0F957A3B996B}
		{750D8FF5-3729-4923-BB39-44F89E1D9F85} = {05A688BA-70D5-4EE9-87B6-0F957A3B996B}
		{724AF51B-89AA-44FC-B54D-2237BB3A4792} = {05A688BA-70D5-4EE9-87B6-0F957A3B996B}
		{42AAFF65-4213-4167-BF5C-74091CFCEA5D} = {05A688BA-70D5-4EE9-87B6-0F957A3B996B}
		{CF65798F-9699-4078-8B7E-66BDFDCDD8BE} = {05A688BA-70D5-4EE9-87B6-0F957A3B996B}
		{A0DBF066-D3F1-4350-B59C-6315C12992CA} = {05A688BA-70D5-4EE9-87B6-0F957A3B996B}
	EndGlobalSection
	GlobalSection(ProjectConfigurationPlatforms) = postSolution
		{10E6F4C3-6DDF-4506-BF80-1D36FF73875F}.Debug|Any CPU.ActiveCfg = Debug|Any CPU
		{10E6F4C3-6DDF-4506-BF80-1D36FF73875F}.Debug|Any CPU.Build.0 = Debug|Any CPU
		{10E6F4C3-6DDF-4506-BF80-1D36FF73875F}.Release|Any CPU.ActiveCfg = Release|Any CPU
		{10E6F4C3-6DDF-4506-BF80-1D36FF73875F}.Release|Any CPU.Build.0 = Release|Any CPU
		{212FE8E1-B698-4D93-9699-7E53AF71D848}.Debug|Any CPU.ActiveCfg = Debug|Any CPU
		{212FE8E1-B698-4D93-9699-7E53AF71D848}.Debug|Any CPU.Build.0 = Debug|Any CPU
		{212FE8E1-B698-4D93-9699-7E53AF71D848}.Release|Any CPU.ActiveCfg = Release|Any CPU
		{212FE8E1-B698-4D93-9699-7E53AF71D848}.Release|Any CPU.Build.0 = Release|Any CPU
		{011D440F-A125-484E-9EDB-DE605A8A29EC}.Debug|Any CPU.ActiveCfg = Debug|Any CPU
		{011D440F-A125-484E-9EDB-DE605A8A29EC}.Debug|Any CPU.Build.0 = Debug|Any CPU
		{011D440F-A125-484E-9EDB-DE605A8A29EC}.Release|Any CPU.ActiveCfg = Release|Any CPU
		{011D440F-A125-484E-9EDB-DE605A8A29EC}.Release|Any CPU.Build.0 = Release|Any CPU
		{E9125545-5AFD-4FC7-9916-6DDCC79DF2F5}.Debug|Any CPU.ActiveCfg = Debug|Any CPU
		{E9125545-5AFD-4FC7-9916-6DDCC79DF2F5}.Debug|Any CPU.Build.0 = Debug|Any CPU
		{E9125545-5AFD-4FC7-9916-6DDCC79DF2F5}.Release|Any CPU.ActiveCfg = Release|Any CPU
		{E9125545-5AFD-4FC7-9916-6DDCC79DF2F5}.Release|Any CPU.Build.0 = Release|Any CPU
		{80741D06-AC27-43FF-A6B5-58ED002ABA26}.Debug|Any CPU.ActiveCfg = Debug|Any CPU
		{80741D06-AC27-43FF-A6B5-58ED002ABA26}.Debug|Any CPU.Build.0 = Debug|Any CPU
		{80741D06-AC27-43FF-A6B5-58ED002ABA26}.Release|Any CPU.ActiveCfg = Release|Any CPU
		{80741D06-AC27-43FF-A6B5-58ED002ABA26}.Release|Any CPU.Build.0 = Release|Any CPU
		{C40D36BA-A2F5-4C3F-8609-66A4B447279F}.Debug|Any CPU.ActiveCfg = Debug|Any CPU
		{C40D36BA-A2F5-4C3F-8609-66A4B447279F}.Debug|Any CPU.Build.0 = Debug|Any CPU
		{C40D36BA-A2F5-4C3F-8609-66A4B447279F}.Release|Any CPU.ActiveCfg = Release|Any CPU
		{C40D36BA-A2F5-4C3F-8609-66A4B447279F}.Release|Any CPU.Build.0 = Release|Any CPU
		{AFED18E4-5A02-4312-9625-6886C8DE722D}.Debug|Any CPU.ActiveCfg = Debug|Any CPU
		{AFED18E4-5A02-4312-9625-6886C8DE722D}.Debug|Any CPU.Build.0 = Debug|Any CPU
		{AFED18E4-5A02-4312-9625-6886C8DE722D}.Release|Any CPU.ActiveCfg = Release|Any CPU
		{AFED18E4-5A02-4312-9625-6886C8DE722D}.Release|Any CPU.Build.0 = Release|Any CPU
		{90C8B39C-ED20-4E9D-9575-361F8F19087A}.Debug|Any CPU.ActiveCfg = Debug|Any CPU
		{90C8B39C-ED20-4E9D-9575-361F8F19087A}.Debug|Any CPU.Build.0 = Debug|Any CPU
		{90C8B39C-ED20-4E9D-9575-361F8F19087A}.Release|Any CPU.ActiveCfg = Release|Any CPU
		{90C8B39C-ED20-4E9D-9575-361F8F19087A}.Release|Any CPU.Build.0 = Release|Any CPU
		{312D3F24-67FA-4246-B76D-45BD8054E145}.Debug|Any CPU.ActiveCfg = Debug|Any CPU
		{312D3F24-67FA-4246-B76D-45BD8054E145}.Debug|Any CPU.Build.0 = Debug|Any CPU
		{312D3F24-67FA-4246-B76D-45BD8054E145}.Release|Any CPU.ActiveCfg = Release|Any CPU
		{312D3F24-67FA-4246-B76D-45BD8054E145}.Release|Any CPU.Build.0 = Release|Any CPU
		{4D63027D-9A30-4FBE-A305-4B4570A32F25}.Debug|Any CPU.ActiveCfg = Debug|Any CPU
		{4D63027D-9A30-4FBE-A305-4B4570A32F25}.Debug|Any CPU.Build.0 = Debug|Any CPU
		{4D63027D-9A30-4FBE-A305-4B4570A32F25}.Release|Any CPU.ActiveCfg = Release|Any CPU
		{4D63027D-9A30-4FBE-A305-4B4570A32F25}.Release|Any CPU.Build.0 = Release|Any CPU
		{049215FD-13C3-4C0C-9B81-8EB0A9B83F3D}.Debug|Any CPU.ActiveCfg = Debug|Any CPU
		{049215FD-13C3-4C0C-9B81-8EB0A9B83F3D}.Debug|Any CPU.Build.0 = Debug|Any CPU
		{049215FD-13C3-4C0C-9B81-8EB0A9B83F3D}.Release|Any CPU.ActiveCfg = Release|Any CPU
		{049215FD-13C3-4C0C-9B81-8EB0A9B83F3D}.Release|Any CPU.Build.0 = Release|Any CPU
		{71DD9F12-6848-426F-BA62-76480C537620}.Debug|Any CPU.ActiveCfg = Debug|Any CPU
		{71DD9F12-6848-426F-BA62-76480C537620}.Debug|Any CPU.Build.0 = Debug|Any CPU
		{71DD9F12-6848-426F-BA62-76480C537620}.Release|Any CPU.ActiveCfg = Release|Any CPU
		{71DD9F12-6848-426F-BA62-76480C537620}.Release|Any CPU.Build.0 = Release|Any CPU
		{41E0C929-889F-420F-A888-737A12F997C6}.Debug|Any CPU.ActiveCfg = Debug|Any CPU
		{41E0C929-889F-420F-A888-737A12F997C6}.Debug|Any CPU.Build.0 = Debug|Any CPU
		{41E0C929-889F-420F-A888-737A12F997C6}.Release|Any CPU.ActiveCfg = Release|Any CPU
		{41E0C929-889F-420F-A888-737A12F997C6}.Release|Any CPU.Build.0 = Release|Any CPU
		{750D8FF5-3729-4923-BB39-44F89E1D9F85}.Debug|Any CPU.ActiveCfg = Debug|Any CPU
		{750D8FF5-3729-4923-BB39-44F89E1D9F85}.Debug|Any CPU.Build.0 = Debug|Any CPU
		{750D8FF5-3729-4923-BB39-44F89E1D9F85}.Release|Any CPU.ActiveCfg = Release|Any CPU
		{750D8FF5-3729-4923-BB39-44F89E1D9F85}.Release|Any CPU.Build.0 = Release|Any CPU
		{724AF51B-89AA-44FC-B54D-2237BB3A4792}.Debug|Any CPU.ActiveCfg = Debug|Any CPU
		{724AF51B-89AA-44FC-B54D-2237BB3A4792}.Debug|Any CPU.Build.0 = Debug|Any CPU
		{724AF51B-89AA-44FC-B54D-2237BB3A4792}.Release|Any CPU.ActiveCfg = Release|Any CPU
		{724AF51B-89AA-44FC-B54D-2237BB3A4792}.Release|Any CPU.Build.0 = Release|Any CPU
		{42AAFF65-4213-4167-BF5C-74091CFCEA5D}.Debug|Any CPU.ActiveCfg = Debug|Any CPU
		{42AAFF65-4213-4167-BF5C-74091CFCEA5D}.Debug|Any CPU.Build.0 = Debug|Any CPU
		{42AAFF65-4213-4167-BF5C-74091CFCEA5D}.Release|Any CPU.ActiveCfg = Release|Any CPU
		{42AAFF65-4213-4167-BF5C-74091CFCEA5D}.Release|Any CPU.Build.0 = Release|Any CPU
		{CF65798F-9699-4078-8B7E-66BDFDCDD8BE}.Debug|Any CPU.ActiveCfg = Debug|Any CPU
		{CF65798F-9699-4078-8B7E-66BDFDCDD8BE}.Debug|Any CPU.Build.0 = Debug|Any CPU
		{CF65798F-9699-4078-8B7E-66BDFDCDD8BE}.Release|Any CPU.ActiveCfg = Release|Any CPU
		{CF65798F-9699-4078-8B7E-66BDFDCDD8BE}.Release|Any CPU.Build.0 = Release|Any CPU
		{A0DBF066-D3F1-4350-B59C-6315C12992CA}.Debug|Any CPU.ActiveCfg = Debug|Any CPU
		{A0DBF066-D3F1-4350-B59C-6315C12992CA}.Debug|Any CPU.Build.0 = Debug|Any CPU
		{A0DBF066-D3F1-4350-B59C-6315C12992CA}.Release|Any CPU.ActiveCfg = Release|Any CPU
		{A0DBF066-D3F1-4350-B59C-6315C12992CA}.Release|Any CPU.Build.0 = Release|Any CPU
	EndGlobalSection
EndGlobal
