
Microsoft Visual Studio Solution File, Format Version 12.00
Project("{2150E333-8FDC-42A3-9474-1A3956D46DE8}") = "N1 Fundamentals", "N1 Fundamentals", "{50E7C728-EC85-4EFE-B4F8-E34112B5369A}"
EndProject
Project("{2150E333-8FDC-42A3-9474-1A3956D46DE8}") = "Tutorials", "Tutorials", "{7DCEA4B6-2FB7-4BA3-AD2F-7F04C0CA40DF}"
EndProject
Project("{2150E333-8FDC-42A3-9474-1A3956D46DE8}") = "Docs", "Docs", "{582E83CC-0B56-4F32-8C2A-B1080D58B420}"
EndProject
Project("{2150E333-8FDC-42A3-9474-1A3956D46DE8}") = "Recipes", "Recipes", "{F9640276-11BE-4EF1-AFC1-EEBC7816FB97}"
EndProject
Project("{FAE04EC0-301F-11D3-BF4B-00C04F79EFBC}") = "Recipes.N1", "Recipes.N1\Recipes.N1.csproj", "{10E6F4C3-6DDF-4506-BF80-1D36FF73875F}"
EndProject
Project("{FAE04EC0-301F-11D3-BF4B-00C04F79EFBC}") = "Recipes.N2", "Recipes.N2\Recipes.N2.csproj", "{212FE8E1-B698-4D93-9699-7E53AF71D848}"
EndProject
Project("{FAE04EC0-301F-11D3-BF4B-00C04F79EFBC}") = "N2.FirstApp", "N2.FirstApp\N2.FirstApp.csproj", "{011D440F-A125-484E-9EDB-DE605A8A29EC}"
EndProject
Project("{FAE04EC0-301F-11D3-BF4B-00C04F79EFBC}") = "N3.Skills", "N3.Skills\N3.Skills.csproj", "{E9125545-5AFD-4FC7-9916-6DDCC79DF2F5}"
EndProject
Project("{FAE04EC0-301F-11D3-BF4B-00C04F79EFBC}") = "N4.Memory", "N4.Memory\N4.Memory.csproj", "{80741D06-AC27-43FF-A6B5-58ED002ABA26}"
EndProject
Project("{2150E333-8FDC-42A3-9474-1A3956D46DE8}") = "GettingStarted", "GettingStarted", "{86EDEEE4-D1D0-4172-AF01-4975AC4B4A0F}"
EndProject
Project("{FAE04EC0-301F-11D3-BF4B-00C04F79EFBC}") = "N1.Plugins", "N1.Plugins\N1.Plugins.csproj", "{C40D36BA-A2F5-4C3F-8609-66A4B447279F}"
EndProject
Project("{2150E333-8FDC-42A3-9474-1A3956D46DE8}") = "N1.GettingStarted", "N1.GettingStarted", "{D2FC31FD-F373-4022-8B39-3C8BEF60805C}"
EndProject
Project("{FAE04EC0-301F-11D3-BF4B-00C04F79EFBC}") = "GettingStarted.N1.PluginTest", "GettingStarted.N1.PluginTest\GettingStarted.N1.PluginTest.csproj", "{AFED18E4-5A02-4312-9625-6886C8DE722D}"
EndProject
Project("{FAE04EC0-301F-11D3-BF4B-00C04F79EFBC}") = "GettingStarted.N2.SkillsTest", "GettingStarted.N2.SkillsTest\GettingStarted.N2.SkillsTest.csproj", "{90C8B39C-ED20-4E9D-9575-361F8F19087A}"
EndProject
Global
	GlobalSection(SolutionConfigurationPlatforms) = preSolution
		Debug|Any CPU = Debug|Any CPU
		Release|Any CPU = Release|Any CPU
	EndGlobalSection
	GlobalSection(NestedProjects) = preSolution
		{F9640276-11BE-4EF1-AFC1-EEBC7816FB97} = {7DCEA4B6-2FB7-4BA3-AD2F-7F04C0CA40DF}
		{10E6F4C3-6DDF-4506-BF80-1D36FF73875F} = {F9640276-11BE-4EF1-AFC1-EEBC7816FB97}
		{212FE8E1-B698-4D93-9699-7E53AF71D848} = {F9640276-11BE-4EF1-AFC1-EEBC7816FB97}
		{011D440F-A125-484E-9EDB-DE605A8A29EC} = {F9640276-11BE-4EF1-AFC1-EEBC7816FB97}
		{E9125545-5AFD-4FC7-9916-6DDCC79DF2F5} = {F9640276-11BE-4EF1-AFC1-EEBC7816FB97}
		{80741D06-AC27-43FF-A6B5-58ED002ABA26} = {F9640276-11BE-4EF1-AFC1-EEBC7816FB97}
		{86EDEEE4-D1D0-4172-AF01-4975AC4B4A0F} = {582E83CC-0B56-4F32-8C2A-B1080D58B420}
		{C40D36BA-A2F5-4C3F-8609-66A4B447279F} = {86EDEEE4-D1D0-4172-AF01-4975AC4B4A0F}
		{D2FC31FD-F373-4022-8B39-3C8BEF60805C} = {582E83CC-0B56-4F32-8C2A-B1080D58B420}
		{AFED18E4-5A02-4312-9625-6886C8DE722D} = {D2FC31FD-F373-4022-8B39-3C8BEF60805C}
		{90C8B39C-ED20-4E9D-9575-361F8F19087A} = {D2FC31FD-F373-4022-8B39-3C8BEF60805C}
	EndGlobalSection
	GlobalSection(ProjectConfigurationPlatforms) = postSolution
		{10E6F4C3-6DDF-4506-BF80-1D36FF73875F}.Debug|Any CPU.ActiveCfg = Debug|Any CPU
		{10E6F4C3-6DDF-4506-BF80-1D36FF73875F}.Debug|Any CPU.Build.0 = Debug|Any CPU
		{10E6F4C3-6DDF-4506-BF80-1D36FF73875F}.Release|Any CPU.ActiveCfg = Release|Any CPU
		{10E6F4C3-6DDF-4506-BF80-1D36FF73875F}.Release|Any CPU.Build.0 = Release|Any CPU
		{212FE8E1-B698-4D93-9699-7E53AF71D848}.Debug|Any CPU.ActiveCfg = Debug|Any CPU
		{212FE8E1-B698-4D93-9699-7E53AF71D848}.Debug|Any CPU.Build.0 = Debug|Any CPU
		{212FE8E1-B698-4D93-9699-7E53AF71D848}.Release|Any CPU.ActiveCfg = Release|Any CPU
		{212FE8E1-B698-4D93-9699-7E53AF71D848}.Release|Any CPU.Build.0 = Release|Any CPU
		{011D440F-A125-484E-9EDB-DE605A8A29EC}.Debug|Any CPU.ActiveCfg = Debug|Any CPU
		{011D440F-A125-484E-9EDB-DE605A8A29EC}.Debug|Any CPU.Build.0 = Debug|Any CPU
		{011D440F-A125-484E-9EDB-DE605A8A29EC}.Release|Any CPU.ActiveCfg = Release|Any CPU
		{011D440F-A125-484E-9EDB-DE605A8A29EC}.Release|Any CPU.Build.0 = Release|Any CPU
		{E9125545-5AFD-4FC7-9916-6DDCC79DF2F5}.Debug|Any CPU.ActiveCfg = Debug|Any CPU
		{E9125545-5AFD-4FC7-9916-6DDCC79DF2F5}.Debug|Any CPU.Build.0 = Debug|Any CPU
		{E9125545-5AFD-4FC7-9916-6DDCC79DF2F5}.Release|Any CPU.ActiveCfg = Release|Any CPU
		{E9125545-5AFD-4FC7-9916-6DDCC79DF2F5}.Release|Any CPU.Build.0 = Release|Any CPU
		{80741D06-AC27-43FF-A6B5-58ED002ABA26}.Debug|Any CPU.ActiveCfg = Debug|Any CPU
		{80741D06-AC27-43FF-A6B5-58ED002ABA26}.Debug|Any CPU.Build.0 = Debug|Any CPU
		{80741D06-AC27-43FF-A6B5-58ED002ABA26}.Release|Any CPU.ActiveCfg = Release|Any CPU
		{80741D06-AC27-43FF-A6B5-58ED002ABA26}.Release|Any CPU.Build.0 = Release|Any CPU
		{C40D36BA-A2F5-4C3F-8609-66A4B447279F}.Debug|Any CPU.ActiveCfg = Debug|Any CPU
		{C40D36BA-A2F5-4C3F-8609-66A4B447279F}.Debug|Any CPU.Build.0 = Debug|Any CPU
		{C40D36BA-A2F5-4C3F-8609-66A4B447279F}.Release|Any CPU.ActiveCfg = Release|Any CPU
		{C40D36BA-A2F5-4C3F-8609-66A4B447279F}.Release|Any CPU.Build.0 = Release|Any CPU
		{AFED18E4-5A02-4312-9625-6886C8DE722D}.Debug|Any CPU.ActiveCfg = Debug|Any CPU
		{AFED18E4-5A02-4312-9625-6886C8DE722D}.Debug|Any CPU.Build.0 = Debug|Any CPU
		{AFED18E4-5A02-4312-9625-6886C8DE722D}.Release|Any CPU.ActiveCfg = Release|Any CPU
		{AFED18E4-5A02-4312-9625-6886C8DE722D}.Release|Any CPU.Build.0 = Release|Any CPU
		{90C8B39C-ED20-4E9D-9575-361F8F19087A}.Debug|Any CPU.ActiveCfg = Debug|Any CPU
		{90C8B39C-ED20-4E9D-9575-361F8F19087A}.Debug|Any CPU.Build.0 = Debug|Any CPU
		{90C8B39C-ED20-4E9D-9575-361F8F19087A}.Release|Any CPU.ActiveCfg = Release|Any CPU
		{90C8B39C-ED20-4E9D-9575-361F8F19087A}.Release|Any CPU.Build.0 = Release|Any CPU
	EndGlobalSection
EndGlobal
